# This file was autogenerated by Stack.
# You should not edit this file by hand.
# For more information, please see the documentation at:
#   https://docs.haskellstack.org/en/stable/lock_files

packages:
- completed:
    hackage: xmobar-0.46@sha256:65e8683aec86e5dc23041959dc2b0803f1be4a3cacab1ed29159c0732212c273,14911
    pantry-tree:
      sha256: 0c97230f9b521b2af6237214a4ca14536a5df936835153b9768d7108ba5eb368
      size: 9769
  original:
    hackage: xmobar-0.46
- completed:
    hackage: netlink-1.1.1.0@sha256:d83424b5ba9921191449e4b1f53c7cba7f4375f2c55a9b737c77e982e1f40d00,3689
    pantry-tree:
      sha256: 42a57a2db0d8b44e04a04905ed56994b7293d2f244595bf3e65480c36d114ac3
      size: 1598
  original:
    hackage: netlink-1.1.1.0
snapshots:
- completed:
    sha256: dee08c78a10d2e8433969c40e996374717317fcde826cf3f4b8a1e0063307c3e
    size: 646690
    url: https://raw.githubusercontent.com/commercialhaskell/stackage-snapshots/master/nightly/2022/11/5.yaml
  original: nightly-2022-11-05
